// !$*UTF8*$!
{
	archiveVersion = 1;
	classes = {
	};
	objectVersion = 56;
	objects = {

/* Begin PBXBuildFile section */
		0C17ABEC2B0B5DE900592DA5 /* SlideNumberPuzzleApp.swift in Sources */ = {isa = PBXBuildFile; fileRef = 0C17ABEB2B0B5DE900592DA5 /* SlideNumberPuzzleApp.swift */; };
		0C17ABEE2B0B5DE900592DA5 /* ContentView.swift in Sources */ = {isa = PBXBuildFile; fileRef = 0C17ABED2B0B5DE900592DA5 /* ContentView.swift */; };
		0C17ABF02B0B5DEF00592DA5 /* Assets.xcassets in Resources */ = {isa = PBXBuildFile; fileRef = 0C17ABEF2B0B5DEF00592DA5 /* Assets.xcassets */; };
		0C17ABF32B0B5DEF00592DA5 /* Preview Assets.xcassets in Resources */ = {isa = PBXBuildFile; fileRef = 0C17ABF22B0B5DEF00592DA5 /* Preview Assets.xcassets */; };
		0C17ABFD2B0B5DF300592DA5 /* SlideNumberPuzzleTests.swift in Sources */ = {isa = PBXBuildFile; fileRef = 0C17ABFC2B0B5DF300592DA5 /* SlideNumberPuzzleTests.swift */; };
		0C17AC072B0B5DF400592DA5 /* SlideNumberPuzzleUITests.swift in Sources */ = {isa = PBXBuildFile; fileRef = 0C17AC062B0B5DF400592DA5 /* SlideNumberPuzzleUITests.swift */; };
		0C17AC092B0B5DF400592DA5 /* SlideNumberPuzzleUITestsLaunchTests.swift in Sources */ = {isa = PBXBuildFile; fileRef = 0C17AC082B0B5DF400592DA5 /* SlideNumberPuzzleUITestsLaunchTests.swift */; };
		0C17AC162B0B5EAE00592DA5 /* CardCollection.swift in Sources */ = {isa = PBXBuildFile; fileRef = 0C17AC152B0B5EAE00592DA5 /* CardCollection.swift */; };
		0C17AC182B0B5ED300592DA5 /* GameModel.swift in Sources */ = {isa = PBXBuildFile; fileRef = 0C17AC172B0B5ED300592DA5 /* GameModel.swift */; };
/* End PBXBuildFile section */

/* Begin PBXContainerItemProxy section */
		0C17ABF92B0B5DF300592DA5 /* PBXContainerItemProxy */ = {
			isa = PBXContainerItemProxy;
			containerPortal = 0C17ABE02B0B5DE800592DA5 /* Project object */;
			proxyType = 1;
			remoteGlobalIDString = 0C17ABE72B0B5DE900592DA5;
			remoteInfo = SlideNumberPuzzle;
		};
		0C17AC032B0B5DF400592DA5 /* PBXContainerItemProxy */ = {
			isa = PBXContainerItemProxy;
			containerPortal = 0C17ABE02B0B5DE800592DA5 /* Project object */;
			proxyType = 1;
			remoteGlobalIDString = 0C17ABE72B0B5DE900592DA5;
			remoteInfo = SlideNumberPuzzle;
		};
/* End PBXContainerItemProxy section */

/* Begin PBXFileReference section */
		0C17ABE82B0B5DE900592DA5 /* SlideNumberPuzzle.app */ = {isa = PBXFileReference; explicitFileType = wrapper.application; includeInIndex = 0; path = SlideNumberPuzzle.app; sourceTree = BUILT_PRODUCTS_DIR; };
		0C17ABEB2B0B5DE900592DA5 /* SlideNumberPuzzleApp.swift */ = {isa = PBXFileReference; lastKnownFileType = sourcecode.swift; path = SlideNumberPuzzleApp.swift; sourceTree = "<group>"; };
		0C17ABED2B0B5DE900592DA5 /* ContentView.swift */ = {isa = PBXFileReference; lastKnownFileType = sourcecode.swift; path = ContentView.swift; sourceTree = "<group>"; };
		0C17ABEF2B0B5DEF00592DA5 /* Assets.xcassets */ = {isa = PBXFileReference; lastKnownFileType = folder.assetcatalog; path = Assets.xcassets; sourceTree = "<group>"; };
		0C17ABF22B0B5DEF00592DA5 /* Preview Assets.xcassets */ = {isa = PBXFileReference; lastKnownFileType = folder.assetcatalog; path = "Preview Assets.xcassets"; sourceTree = "<group>"; };
		0C17ABF82B0B5DF300592DA5 /* SlideNumberPuzzleTests.xctest */ = {isa = PBXFileReference; explicitFileType = wrapper.cfbundle; includeInIndex = 0; path = SlideNumberPuzzleTests.xctest; sourceTree = BUILT_PRODUCTS_DIR; };
		0C17ABFC2B0B5DF300592DA5 /* SlideNumberPuzzleTests.swift */ = {isa = PBXFileReference; lastKnownFileType = sourcecode.swift; path = SlideNumberPuzzleTests.swift; sourceTree = "<group>"; };
		0C17AC022B0B5DF400592DA5 /* SlideNumberPuzzleUITests.xctest */ = {isa = PBXFileReference; explicitFileType = wrapper.cfbundle; includeInIndex = 0; path = SlideNumberPuzzleUITests.xctest; sourceTree = BUILT_PRODUCTS_DIR; };
		0C17AC062B0B5DF400592DA5 /* SlideNumberPuzzleUITests.swift */ = {isa = PBXFileReference; lastKnownFileType = sourcecode.swift; path = SlideNumberPuzzleUITests.swift; sourceTree = "<group>"; };
		0C17AC082B0B5DF400592DA5 /* SlideNumberPuzzleUITestsLaunchTests.swift */ = {isa = PBXFileReference; lastKnownFileType = sourcecode.swift; path = SlideNumberPuzzleUITestsLaunchTests.swift; sourceTree = "<group>"; };
		0C17AC152B0B5EAE00592DA5 /* CardCollection.swift */ = {isa = PBXFileReference; lastKnownFileType = sourcecode.swift; path = CardCollection.swift; sourceTree = "<group>"; };
		0C17AC172B0B5ED300592DA5 /* GameModel.swift */ = {isa = PBXFileReference; lastKnownFileType = sourcecode.swift; path = GameModel.swift; sourceTree = "<group>"; };
/* End PBXFileReference section */

/* Begin PBXFrameworksBuildPhase section */
		0C17ABE52B0B5DE900592DA5 /* Frameworks */ = {
			isa = PBXFrameworksBuildPhase;
			buildActionMask = 2147483647;
			files = (
			);
			runOnlyForDeploymentPostprocessing = 0;
		};
		0C17ABF52B0B5DF300592DA5 /* Frameworks */ = {
			isa = PBXFrameworksBuildPhase;
			buildActionMask = 2147483647;
			files = (
			);
			runOnlyForDeploymentPostprocessing = 0;
		};
		0C17ABFF2B0B5DF400592DA5 /* Frameworks */ = {
			isa = PBXFrameworksBuildPhase;
			buildActionMask = 2147483647;
			files = (
			);
			runOnlyForDeploymentPostprocessing = 0;
		};
/* End PBXFrameworksBuildPhase section */

/* Begin PBXGroup section */
		0C17ABDF2B0B5DE800592DA5 = {
			isa = PBXGroup;
			children = (
				0C17ABEA2B0B5DE900592DA5 /* SlideNumberPuzzle */,
				0C17ABFB2B0B5DF300592DA5 /* SlideNumberPuzzleTests */,
				0C17AC052B0B5DF400592DA5 /* SlideNumberPuzzleUITests */,
				0C17ABE92B0B5DE900592DA5 /* Products */,
			);
			sourceTree = "<group>";
		};
		0C17ABE92B0B5DE900592DA5 /* Products */ = {
			isa = PBXGroup;
			children = (
				0C17ABE82B0B5DE900592DA5 /* SlideNumberPuzzle.app */,
				0C17ABF82B0B5DF300592DA5 /* SlideNumberPuzzleTests.xctest */,
				0C17AC022B0B5DF400592DA5 /* SlideNumberPuzzleUITests.xctest */,
			);
			name = Products;
			sourceTree = "<group>";
		};
		0C17ABEA2B0B5DE900592DA5 /* SlideNumberPuzzle */ = {
			isa = PBXGroup;
			children = (
				0C17ABEB2B0B5DE900592DA5 /* SlideNumberPuzzleApp.swift */,
				0C17ABED2B0B5DE900592DA5 /* ContentView.swift */,
				0C17AC152B0B5EAE00592DA5 /* CardCollection.swift */,
				0C17AC172B0B5ED300592DA5 /* GameModel.swift */,
				0C17ABEF2B0B5DEF00592DA5 /* Assets.xcassets */,
				0C17ABF12B0B5DEF00592DA5 /* Preview Content */,
			);
			path = SlideNumberPuzzle;
			sourceTree = "<group>";
		};
		0C17ABF12B0B5DEF00592DA5 /* Preview Content */ = {
			isa = PBXGroup;
			children = (
				0C17ABF22B0B5DEF00592DA5 /* Preview Assets.xcassets */,
			);
			path = "Preview Content";
			sourceTree = "<group>";
		};
		0C17ABFB2B0B5DF300592DA5 /* SlideNumberPuzzleTests */ = {
			isa = PBXGroup;
			children = (
				0C17ABFC2B0B5DF300592DA5 /* SlideNumberPuzzleTests.swift */,
			);
			path = SlideNumberPuzzleTests;
			sourceTree = "<group>";
		};
		0C17AC052B0B5DF400592DA5 /* SlideNumberPuzzleUITests */ = {
			isa = PBXGroup;
			children = (
				0C17AC062B0B5DF400592DA5 /* SlideNumberPuzzleUITests.swift */,
				0C17AC082B0B5DF400592DA5 /* SlideNumberPuzzleUITestsLaunchTests.swift */,
			);
			path = SlideNumberPuzzleUITests;
			sourceTree = "<group>";
		};
/* End PBXGroup section */

/* Begin PBXNativeTarget section */
		0C17ABE72B0B5DE900592DA5 /* SlideNumberPuzzle */ = {
			isa = PBXNativeTarget;
			buildConfigurationList = 0C17AC0C2B0B5DF400592DA5 /* Build configuration list for PBXNativeTarget "SlideNumberPuzzle" */;
			buildPhases = (
				0C17ABE42B0B5DE900592DA5 /* Sources */,
				0C17ABE52B0B5DE900592DA5 /* Frameworks */,
				0C17ABE62B0B5DE900592DA5 /* Resources */,
			);
			buildRules = (
			);
			dependencies = (
			);
			name = SlideNumberPuzzle;
			productName = SlideNumberPuzzle;
			productReference = 0C17ABE82B0B5DE900592DA5 /* SlideNumberPuzzle.app */;
			productType = "com.apple.product-type.application";
		};
		0C17ABF72B0B5DF300592DA5 /* SlideNumberPuzzleTests */ = {
			isa = PBXNativeTarget;
			buildConfigurationList = 0C17AC0F2B0B5DF400592DA5 /* Build configuration list for PBXNativeTarget "SlideNumberPuzzleTests" */;
			buildPhases = (
				0C17ABF42B0B5DF300592DA5 /* Sources */,
				0C17ABF52B0B5DF300592DA5 /* Frameworks */,
				0C17ABF62B0B5DF300592DA5 /* Resources */,
			);
			buildRules = (
			);
			dependencies = (
				0C17ABFA2B0B5DF300592DA5 /* PBXTargetDependency */,
			);
			name = SlideNumberPuzzleTests;
			productName = SlideNumberPuzzleTests;
			productReference = 0C17ABF82B0B5DF300592DA5 /* SlideNumberPuzzleTests.xctest */;
			productType = "com.apple.product-type.bundle.unit-test";
		};
		0C17AC012B0B5DF400592DA5 /* SlideNumberPuzzleUITests */ = {
			isa = PBXNativeTarget;
			buildConfigurationList = 0C17AC122B0B5DF400592DA5 /* Build configuration list for PBXNativeTarget "SlideNumberPuzzleUITests" */;
			buildPhases = (
				0C17ABFE2B0B5DF400592DA5 /* Sources */,
				0C17ABFF2B0B5DF400592DA5 /* Frameworks */,
				0C17AC002B0B5DF400592DA5 /* Resources */,
			);
			buildRules = (
			);
			dependencies = (
				0C17AC042B0B5DF400592DA5 /* PBXTargetDependency */,
			);
			name = SlideNumberPuzzleUITests;
			productName = SlideNumberPuzzleUITests;
			productReference = 0C17AC022B0B5DF400592DA5 /* SlideNumberPuzzleUITests.xctest */;
			productType = "com.apple.product-type.bundle.ui-testing";
		};
/* End PBXNativeTarget section */

/* Begin PBXProject section */
		0C17ABE02B0B5DE800592DA5 /* Project object */ = {
			isa = PBXProject;
			attributes = {
				BuildIndependentTargetsInParallel = 1;
				LastSwiftUpdateCheck = 1500;
				LastUpgradeCheck = 1500;
				TargetAttributes = {
					0C17ABE72B0B5DE900592DA5 = {
						CreatedOnToolsVersion = 15.0;
					};
					0C17ABF72B0B5DF300592DA5 = {
						CreatedOnToolsVersion = 15.0;
						TestTargetID = 0C17ABE72B0B5DE900592DA5;
					};
					0C17AC012B0B5DF400592DA5 = {
						CreatedOnToolsVersion = 15.0;
						TestTargetID = 0C17ABE72B0B5DE900592DA5;
					};
				};
			};
			buildConfigurationList = 0C17ABE32B0B5DE800592DA5 /* Build configuration list for PBXProject "SlideNumberPuzzle" */;
			compatibilityVersion = "Xcode 14.0";
			developmentRegion = en;
			hasScannedForEncodings = 0;
			knownRegions = (
				en,
				Base,
			);
			mainGroup = 0C17ABDF2B0B5DE800592DA5;
			productRefGroup = 0C17ABE92B0B5DE900592DA5 /* Products */;
			projectDirPath = "";
			projectRoot = "";
			targets = (
				0C17ABE72B0B5DE900592DA5 /* SlideNumberPuzzle */,
				0C17ABF72B0B5DF300592DA5 /* SlideNumberPuzzleTests */,
				0C17AC012B0B5DF400592DA5 /* SlideNumberPuzzleUITests */,
			);
		};
/* End PBXProject section */

/* Begin PBXResourcesBuildPhase section */
		0C17ABE62B0B5DE900592DA5 /* Resources */ = {
			isa = PBXResourcesBuildPhase;
			buildActionMask = 2147483647;
			files = (
				0C17ABF32B0B5DEF00592DA5 /* Preview Assets.xcassets in Resources */,
				0C17ABF02B0B5DEF00592DA5 /* Assets.xcassets in Resources */,
			);
			runOnlyForDeploymentPostprocessing = 0;
		};
		0C17ABF62B0B5DF300592DA5 /* Resources */ = {
			isa = PBXResourcesBuildPhase;
			buildActionMask = 2147483647;
			files = (
			);
			runOnlyForDeploymentPostprocessing = 0;
		};
		0C17AC002B0B5DF400592DA5 /* Resources */ = {
			isa = PBXResourcesBuildPhase;
			buildActionMask = 2147483647;
			files = (
			);
			runOnlyForDeploymentPostprocessing = 0;
		};
/* End PBXResourcesBuildPhase section */

/* Begin PBXSourcesBuildPhase section */
		0C17ABE42B0B5DE900592DA5 /* Sources */ = {
			isa = PBXSourcesBuildPhase;
			buildActionMask = 2147483647;
			files = (
				0C17AC162B0B5EAE00592DA5 /* CardCollection.swift in Sources */,
				0C17AC182B0B5ED300592DA5 /* GameModel.swift in Sources */,
				0C17ABEE2B0B5DE900592DA5 /* ContentView.swift in Sources */,
				0C17ABEC2B0B5DE900592DA5 /* SlideNumberPuzzleApp.swift in Sources */,
			);
			runOnlyForDeploymentPostprocessing = 0;
		};
		0C17ABF42B0B5DF300592DA5 /* Sources */ = {
			isa = PBXSourcesBuildPhase;
			buildActionMask = 2147483647;
			files = (
				0C17ABFD2B0B5DF300592DA5 /* SlideNumberPuzzleTests.swift in Sources */,
			);
			runOnlyForDeploymentPostprocessing = 0;
		};
		0C17ABFE2B0B5DF400592DA5 /* Sources */ = {
			isa = PBXSourcesBuildPhase;
			buildActionMask = 2147483647;
			files = (
				0C17AC072B0B5DF400592DA5 /* SlideNumberPuzzleUITests.swift in Sources */,
				0C17AC092B0B5DF400592DA5 /* SlideNumberPuzzleUITestsLaunchTests.swift in Sources */,
			);
			runOnlyForDeploymentPostprocessing = 0;
		};
/* End PBXSourcesBuildPhase section */

/* Begin PBXTargetDependency section */
		0C17ABFA2B0B5DF300592DA5 /* PBXTargetDependency */ = {
			isa = PBXTargetDependency;
			target = 0C17ABE72B0B5DE900592DA5 /* SlideNumberPuzzle */;
			targetProxy = 0C17ABF92B0B5DF300592DA5 /* PBXContainerItemProxy */;
		};
		0C17AC042B0B5DF400592DA5 /* PBXTargetDependency */ = {
			isa = PBXTargetDependency;
			target = 0C17ABE72B0B5DE900592DA5 /* SlideNumberPuzzle */;
			targetProxy = 0C17AC032B0B5DF400592DA5 /* PBXContainerItemProxy */;
		};
/* End PBXTargetDependency section */

/* Begin XCBuildConfiguration section */
		0C17AC0A2B0B5DF400592DA5 /* Debug */ = {
			isa = XCBuildConfiguration;
			buildSettings = {
				ALWAYS_SEARCH_USER_PATHS = NO;
				ASSETCATALOG_COMPILER_GENERATE_SWIFT_ASSET_SYMBOL_EXTENSIONS = YES;
				CLANG_ANALYZER_NONNULL = YES;
				CLANG_ANALYZER_NUMBER_OBJECT_CONVERSION = YES_AGGRESSIVE;
				CLANG_CXX_LANGUAGE_STANDARD = "gnu++20";
				CLANG_ENABLE_MODULES = YES;
				CLANG_ENABLE_OBJC_ARC = YES;
				CLANG_ENABLE_OBJC_WEAK = YES;
				CLANG_WARN_BLOCK_CAPTURE_AUTORELEASING = YES;
				CLANG_WARN_BOOL_CONVERSION = YES;
				CLANG_WARN_COMMA = YES;
				CLANG_WARN_CONSTANT_CONVERSION = YES;
				CLANG_WARN_DEPRECATED_OBJC_IMPLEMENTATIONS = YES;
				CLANG_WARN_DIRECT_OBJC_ISA_USAGE = YES_ERROR;
				CLANG_WARN_DOCUMENTATION_COMMENTS = YES;
				CLANG_WARN_EMPTY_BODY = YES;
				CLANG_WARN_ENUM_CONVERSION = YES;
				CLANG_WARN_INFINITE_RECURSION = YES;
				CLANG_WARN_INT_CONVERSION = YES;
				CLANG_WARN_NON_LITERAL_NULL_CONVERSION = YES;
				CLANG_WARN_OBJC_IMPLICIT_RETAIN_SELF = YES;
				CLANG_WARN_OBJC_LITERAL_CONVERSION = YES;
				CLANG_WARN_OBJC_ROOT_CLASS = YES_ERROR;
				CLANG_WARN_QUOTED_INCLUDE_IN_FRAMEWORK_HEADER = YES;
				CLANG_WARN_RANGE_LOOP_ANALYSIS = YES;
				CLANG_WARN_STRICT_PROTOTYPES = YES;
				CLANG_WARN_SUSPICIOUS_MOVE = YES;
				CLANG_WARN_UNGUARDED_AVAILABILITY = YES_AGGRESSIVE;
				CLANG_WARN_UNREACHABLE_CODE = YES;
				CLANG_WARN__DUPLICATE_METHOD_MATCH = YES;
				COPY_PHASE_STRIP = NO;
				DEBUG_INFORMATION_FORMAT = dwarf;
				ENABLE_STRICT_OBJC_MSGSEND = YES;
				ENABLE_TESTABILITY = YES;
				ENABLE_USER_SCRIPT_SANDBOXING = YES;
				GCC_C_LANGUAGE_STANDARD = gnu17;
				GCC_DYNAMIC_NO_PIC = NO;
				GCC_NO_COMMON_BLOCKS = YES;
				GCC_OPTIMIZATION_LEVEL = 0;
				GCC_PREPROCESSOR_DEFINITIONS = (
					"DEBUG=1",
					"$(inherited)",
				);
				GCC_WARN_64_TO_32_BIT_CONVERSION = YES;
				GCC_WARN_ABOUT_RETURN_TYPE = YES_ERROR;
				GCC_WARN_UNDECLARED_SELECTOR = YES;
				GCC_WARN_UNINITIALIZED_AUTOS = YES_AGGRESSIVE;
				GCC_WARN_UNUSED_FUNCTION = YES;
				GCC_WARN_UNUSED_VARIABLE = YES;
				IPHONEOS_DEPLOYMENT_TARGET = 17.0;
				LOCALIZATION_PREFERS_STRING_CATALOGS = YES;
				MTL_ENABLE_DEBUG_INFO = INCLUDE_SOURCE;
				MTL_FAST_MATH = YES;
				ONLY_ACTIVE_ARCH = YES;
				SDKROOT = iphoneos;
				SWIFT_ACTIVE_COMPILATION_CONDITIONS = "DEBUG $(inherited)";
				SWIFT_OPTIMIZATION_LEVEL = "-Onone";
			};
			name = Debug;
		};
		0C17AC0B2B0B5DF400592DA5 /* Release */ = {
			isa = XCBuildConfiguration;
			buildSettings = {
				ALWAYS_SEARCH_USER_PATHS = NO;
				ASSETCATALOG_COMPILER_GENERATE_SWIFT_ASSET_SYMBOL_EXTENSIONS = YES;
				CLANG_ANALYZER_NONNULL = YES;
				CLANG_ANALYZER_NUMBER_OBJECT_CONVERSION = YES_AGGRESSIVE;
				CLANG_CXX_LANGUAGE_STANDARD = "gnu++20";
				CLANG_ENABLE_MODULES = YES;
				CLANG_ENABLE_OBJC_ARC = YES;
				CLANG_ENABLE_OBJC_WEAK = YES;
				CLANG_WARN_BLOCK_CAPTURE_AUTORELEASING = YES;
				CLANG_WARN_BOOL_CONVERSION = YES;
				CLANG_WARN_COMMA = YES;
				CLANG_WARN_CONSTANT_CONVERSION = YES;
				CLANG_WARN_DEPRECATED_OBJC_IMPLEMENTATIONS = YES;
				CLANG_WARN_DIRECT_OBJC_ISA_USAGE = YES_ERROR;
				CLANG_WARN_DOCUMENTATION_COMMENTS = YES;
				CLANG_WARN_EMPTY_BODY = YES;
				CLANG_WARN_ENUM_CONVERSION = YES;
				CLANG_WARN_INFINITE_RECURSION = YES;
				CLANG_WARN_INT_CONVERSION = YES;
				CLANG_WARN_NON_LITERAL_NULL_CONVERSION = YES;
				CLANG_WARN_OBJC_IMPLICIT_RETAIN_SELF = YES;
				CLANG_WARN_OBJC_LITERAL_CONVERSION = YES;
				CLANG_WARN_OBJC_ROOT_CLASS = YES_ERROR;
				CLANG_WARN_QUOTED_INCLUDE_IN_FRAMEWORK_HEADER = YES;
				CLANG_WARN_RANGE_LOOP_ANALYSIS = YES;
				CLANG_WARN_STRICT_PROTOTYPES = YES;
				CLANG_WARN_SUSPICIOUS_MOVE = YES;
				CLANG_WARN_UNGUARDED_AVAILABILITY = YES_AGGRESSIVE;
				CLANG_WARN_UNREACHABLE_CODE = YES;
				CLANG_WARN__DUPLICATE_METHOD_MATCH = YES;
				COPY_PHASE_STRIP = NO;
				DEBUG_INFORMATION_FORMAT = "dwarf-with-dsym";
				ENABLE_NS_ASSERTIONS = NO;
				ENABLE_STRICT_OBJC_MSGSEND = YES;
				ENABLE_USER_SCRIPT_SANDBOXING = YES;
				GCC_C_LANGUAGE_STANDARD = gnu17;
				GCC_NO_COMMON_BLOCKS = YES;
				GCC_WARN_64_TO_32_BIT_CONVERSION = YES;
				GCC_WARN_ABOUT_RETURN_TYPE = YES_ERROR;
				GCC_WARN_UNDECLARED_SELECTOR = YES;
				GCC_WARN_UNINITIALIZED_AUTOS = YES_AGGRESSIVE;
				GCC_WARN_UNUSED_FUNCTION = YES;
				GCC_WARN_UNUSED_VARIABLE = YES;
				IPHONEOS_DEPLOYMENT_TARGET = 17.0;
				LOCALIZATION_PREFERS_STRING_CATALOGS = YES;
				MTL_ENABLE_DEBUG_INFO = NO;
				MTL_FAST_MATH = YES;
				SDKROOT = iphoneos;
				SWIFT_COMPILATION_MODE = wholemodule;
				VALIDATE_PRODUCT = YES;
			};
			name = Release;
		};
		0C17AC0D2B0B5DF400592DA5 /* Debug */ = {
			isa = XCBuildConfiguration;
			buildSettings = {
				ASSETCATALOG_COMPILER_APPICON_NAME = AppIcon;
				ASSETCATALOG_COMPILER_GLOBAL_ACCENT_COLOR_NAME = AccentColor;
				CODE_SIGN_STYLE = Automatic;
				CURRENT_PROJECT_VERSION = 1;
				DEVELOPMENT_ASSET_PATHS = "\"SlideNumberPuzzle/Preview Content\"";
				ENABLE_PREVIEWS = YES;
				GENERATE_INFOPLIST_FILE = YES;
				INFOPLIST_KEY_UIApplicationSceneManifest_Generation = YES;
				INFOPLIST_KEY_UIApplicationSupportsIndirectInputEvents = YES;
				INFOPLIST_KEY_UILaunchScreen_Generation = YES;
				INFOPLIST_KEY_UISupportedInterfaceOrientations_iPad = "UIInterfaceOrientationPortrait UIInterfaceOrientationPortraitUpsideDown UIInterfaceOrientationLandscapeLeft UIInterfaceOrientationLandscapeRight";
				INFOPLIST_KEY_UISupportedInterfaceOrientations_iPhone = "UIInterfaceOrientationPortrait UIInterfaceOrientationLandscapeLeft UIInterfaceOrientationLandscapeRight";
				LD_RUNPATH_SEARCH_PATHS = (
					"$(inherited)",
					"@executable_path/Frameworks",
				);
				MARKETING_VERSION = 1.0;
				PRODUCT_BUNDLE_IDENTIFIER = "th.ac.tu.dome-kit.nutchapon.SlideNumberPuzzle";
				PRODUCT_NAME = "$(TARGET_NAME)";
				SWIFT_EMIT_LOC_STRINGS = YES;
				SWIFT_VERSION = 5.0;
				TARGETED_DEVICE_FAMILY = "1,2";
			};
			name = Debug;
		};
		0C17AC0E2B0B5DF400592DA5 /* Release */ = {
			isa = XCBuildConfiguration;
			buildSettings = {
				ASSETCATALOG_COMPILER_APPICON_NAME = AppIcon;
				ASSETCATALOG_COMPILER_GLOBAL_ACCENT_COLOR_NAME = AccentColor;
				CODE_SIGN_STYLE = Automatic;
				CURRENT_PROJECT_VERSION = 1;
				DEVELOPMENT_ASSET_PATHS = "\"SlideNumberPuzzle/Preview Content\"";
				ENABLE_PREVIEWS = YES;
				GENERATE_INFOPLIST_FILE = YES;
				INFOPLIST_KEY_UIApplicationSceneManifest_Generation = YES;
				INFOPLIST_KEY_UIApplicationSupportsIndirectInputEvents = YES;
				INFOPLIST_KEY_UILaunchScreen_Generation = YES;
				INFOPLIST_KEY_UISupportedInterfaceOrientations_iPad = "UIInterfaceOrientationPortrait UIInterfaceOrientationPortraitUpsideDown UIInterfaceOrientationLandscapeLeft UIInterfaceOrientationLandscapeRight";
				INFOPLIST_KEY_UISupportedInterfaceOrientations_iPhone = "UIInterfaceOrientationPortrait UIInterfaceOrientationLandscapeLeft UIInterfaceOrientationLandscapeRight";
				LD_RUNPATH_SEARCH_PATHS = (
					"$(inherited)",
					"@executable_path/Frameworks",
				);
				MARKETING_VERSION = 1.0;
				PRODUCT_BUNDLE_IDENTIFIER = "th.ac.tu.dome-kit.nutchapon.SlideNumberPuzzle";
				PRODUCT_NAME = "$(TARGET_NAME)";
				SWIFT_EMIT_LOC_STRINGS = YES;
				SWIFT_VERSION = 5.0;
				TARGETED_DEVICE_FAMILY = "1,2";
			};
			name = Release;
		};
		0C17AC102B0B5DF400592DA5 /* Debug */ = {
			isa = XCBuildConfiguration;
			buildSettings = {
				ALWAYS_EMBED_SWIFT_STANDARD_LIBRARIES = YES;
				BUNDLE_LOADER = "$(TEST_HOST)";
				CODE_SIGN_STYLE = Automatic;
				CURRENT_PROJECT_VERSION = 1;
				GENERATE_INFOPLIST_FILE = YES;
				IPHONEOS_DEPLOYMENT_TARGET = 17.0;
				MARKETING_VERSION = 1.0;
				PRODUCT_BUNDLE_IDENTIFIER = "th.ac.tu.dome-kit.nutchapon.SlideNumberPuzzleTests";
				PRODUCT_NAME = "$(TARGET_NAME)";
				SWIFT_EMIT_LOC_STRINGS = NO;
				SWIFT_VERSION = 5.0;
				TARGETED_DEVICE_FAMILY = "1,2";
				TEST_HOST = "$(BUILT_PRODUCTS_DIR)/SlideNumberPuzzle.app/$(BUNDLE_EXECUTABLE_FOLDER_PATH)/SlideNumberPuzzle";
			};
			name = Debug;
		};
		0C17AC112B0B5DF400592DA5 /* Release */ = {
			isa = XCBuildConfiguration;
			buildSettings = {
				ALWAYS_EMBED_SWIFT_STANDARD_LIBRARIES = YES;
				BUNDLE_LOADER = "$(TEST_HOST)";
				CODE_SIGN_STYLE = Automatic;
				CURRENT_PROJECT_VERSION = 1;
				GENERATE_INFOPLIST_FILE = YES;
				IPHONEOS_DEPLOYMENT_TARGET = 17.0;
				MARKETING_VERSION = 1.0;
				PRODUCT_BUNDLE_IDENTIFIER = "th.ac.tu.dome-kit.nutchapon.SlideNumberPuzzleTests";
				PRODUCT_NAME = "$(TARGET_NAME)";
				SWIFT_EMIT_LOC_STRINGS = NO;
				SWIFT_VERSION = 5.0;
				TARGETED_DEVICE_FAMILY = "1,2";
				TEST_HOST = "$(BUILT_PRODUCTS_DIR)/SlideNumberPuzzle.app/$(BUNDLE_EXECUTABLE_FOLDER_PATH)/SlideNumberPuzzle";
			};
			name = Release;
		};
		0C17AC132B0B5DF400592DA5 /* Debug */ = {
			isa = XCBuildConfiguration;
			buildSettings = {
				ALWAYS_EMBED_SWIFT_STANDARD_LIBRARIES = YES;
				CODE_SIGN_STYLE = Automatic;
				CURRENT_PROJECT_VERSION = 1;
				GENERATE_INFOPLIST_FILE = YES;
				MARKETING_VERSION = 1.0;
				PRODUCT_BUNDLE_IDENTIFIER = "th.ac.tu.dome-kit.nutchapon.SlideNumberPuzzleUITests";
				PRODUCT_NAME = "$(TARGET_NAME)";
				SWIFT_EMIT_LOC_STRINGS = NO;
				SWIFT_VERSION = 5.0;
				TARGETED_DEVICE_FAMILY = "1,2";
				TEST_TARGET_NAME = SlideNumberPuzzle;
			};
			name = Debug;
		};
		0C17AC142B0B5DF400592DA5 /* Release */ = {
			isa = XCBuildConfiguration;
			buildSettings = {
				ALWAYS_EMBED_SWIFT_STANDARD_LIBRARIES = YES;
				CODE_SIGN_STYLE = Automatic;
				CURRENT_PROJECT_VERSION = 1;
				GENERATE_INFOPLIST_FILE = YES;
				MARKETING_VERSION = 1.0;
				PRODUCT_BUNDLE_IDENTIFIER = "th.ac.tu.dome-kit.nutchapon.SlideNumberPuzzleUITests";
				PRODUCT_NAME = "$(TARGET_NAME)";
				SWIFT_EMIT_LOC_STRINGS = NO;
				SWIFT_VERSION = 5.0;
				TARGETED_DEVICE_FAMILY = "1,2";
				TEST_TARGET_NAME = SlideNumberPuzzle;
			};
			name = Release;
		};
/* End XCBuildConfiguration section */

/* Begin XCConfigurationList section */
		0C17ABE32B0B5DE800592DA5 /* Build configuration list for PBXProject "SlideNumberPuzzle" */ = {
			isa = XCConfigurationList;
			buildConfigurations = (
				0C17AC0A2B0B5DF400592DA5 /* Debug */,
				0C17AC0B2B0B5DF400592DA5 /* Release */,
			);
			defaultConfigurationIsVisible = 0;
			defaultConfigurationName = Release;
		};
		0C17AC0C2B0B5DF400592DA5 /* Build configuration list for PBXNativeTarget "SlideNumberPuzzle" */ = {
			isa = XCConfigurationList;
			buildConfigurations = (
				0C17AC0D2B0B5DF400592DA5 /* Debug */,
				0C17AC0E2B0B5DF400592DA5 /* Release */,
			);
			defaultConfigurationIsVisible = 0;
			defaultConfigurationName = Release;
		};
		0C17AC0F2B0B5DF400592DA5 /* Build configuration list for PBXNativeTarget "SlideNumberPuzzleTests" */ = {
			isa = XCConfigurationList;
			buildConfigurations = (
				0C17AC102B0B5DF400592DA5 /* Debug */,
				0C17AC112B0B5DF400592DA5 /* Release */,
			);
			defaultConfigurationIsVisible = 0;
			defaultConfigurationName = Release;
		};
		0C17AC122B0B5DF400592DA5 /* Build configuration list for PBXNativeTarget "SlideNumberPuzzleUITests" */ = {
			isa = XCConfigurationList;
			buildConfigurations = (
				0C17AC132B0B5DF400592DA5 /* Debug */,
				0C17AC142B0B5DF400592DA5 /* Release */,
			);
			defaultConfigurationIsVisible = 0;
			defaultConfigurationName = Release;
		};
/* End XCConfigurationList section */
	};
	rootObject = 0C17ABE02B0B5DE800592DA5 /* Project object */;
}
